// !$*UTF8*$!
{
	archiveVersion = 1;
	classes = {
	};
	objectVersion = 77;
	objects = {

/* Begin PBXBuildFile section */
		2ECC5D386ECAFCD6EC4BA0DC /* DashboardTVApp.swift in Sources */ = {isa = PBXBuildFile; fileRef = 4631847B1CD13F293150C0A1 /* DashboardTVApp.swift */; };
		343D69371CBC9D4EC40615D4 /* TVContentView.swift in Sources */ = {isa = PBXBuildFile; fileRef = 4C28CC0A5D5F93069C38BDDE /* TVContentView.swift */; };
		392899EBD9C260515E9E92B5 /* TVServices.framework in Frameworks */ = {isa = PBXBuildFile; fileRef = 3FE27D705D56A864A521EA98 /* TVServices.framework */; };
		5FD04DDD9E0AF36779038A39 /* Foundation.framework in Frameworks */ = {isa = PBXBuildFile; fileRef = D94DF3169FC68AA1F1B507D7 /* Foundation.framework */; };
		70D45DA8661486DA57251155 /* DashboardTVTopShelf in Embed App Extensions */ = {isa = PBXBuildFile; fileRef = 80A2A9198CC7060F85BB70B5 /* DashboardTVTopShelf */; settings = {ATTRIBUTES = (RemoveHeadersOnCopy, ); }; };
		9880654EA9183D0798FECC37 /* ContentProvider.swift in Sources */ = {isa = PBXBuildFile; fileRef = FBB780A075C41C6609780288 /* ContentProvider.swift */; };
		E031EF67B04D8C7785C5358D /* Assets.xcassets in Resources */ = {isa = PBXBuildFile; fileRef = 1E92E86DA52F49B72ADE2B87 /* Assets.xcassets */; };
/* End PBXBuildFile section */

/* Begin PBXContainerItemProxy section */
		4696DAEA0631FAA96629B361 /* PBXContainerItemProxy */ = {
			isa = PBXContainerItemProxy;
			containerPortal = 938F398973F106ED03AD7E1C /* Project object */;
			proxyType = 1;
			remoteGlobalIDString = 427B594981D1D86C21DF2D54;
			remoteInfo = DashboardTVTopShelf;
		};
/* End PBXContainerItemProxy section */

/* Begin PBXCopyFilesBuildPhase section */
		14C349F6D6DE0411FC7FA29A /* Embed App Extensions */ = {
			isa = PBXCopyFilesBuildPhase;
			buildActionMask = 2147483647;
			dstPath = "";
			dstSubfolderSpec = 13;
			files = (
				70D45DA8661486DA57251155 /* DashboardTVTopShelf in Embed App Extensions */,
			);
			name = "Embed App Extensions";
			runOnlyForDeploymentPostprocessing = 0;
		};
/* End PBXCopyFilesBuildPhase section */

/* Begin PBXFileReference section */
		1E92E86DA52F49B72ADE2B87 /* Assets.xcassets */ = {isa = PBXFileReference; lastKnownFileType = folder.assetcatalog; path = Assets.xcassets; sourceTree = "<group>"; };
		3FE27D705D56A864A521EA98 /* TVServices.framework */ = {isa = PBXFileReference; lastKnownFileType = wrapper.framework; name = TVServices.framework; path = System/Library/Frameworks/TVServices.framework; sourceTree = SDKROOT; };
		4631847B1CD13F293150C0A1 /* DashboardTVApp.swift */ = {isa = PBXFileReference; lastKnownFileType = sourcecode.swift; path = DashboardTVApp.swift; sourceTree = "<group>"; };
		4C28CC0A5D5F93069C38BDDE /* TVContentView.swift */ = {isa = PBXFileReference; lastKnownFileType = sourcecode.swift; path = TVContentView.swift; sourceTree = "<group>"; };
		80A2A9198CC7060F85BB70B5 /* DashboardTVTopShelf */ = {isa = PBXFileReference; includeInIndex = 0; path = DashboardTVTopShelf; sourceTree = BUILT_PRODUCTS_DIR; };
		8E378D589578283E090ED9DF /* Info.plist */ = {isa = PBXFileReference; includeInIndex = 1; lastKnownFileType = text.plist.xml; path = Info.plist; sourceTree = "<group>"; };
		D85008C5972F2A11FD1A8A83 /* DashboardTV.app */ = {isa = PBXFileReference; includeInIndex = 0; lastKnownFileType = wrapper.application; path = DashboardTV.app; sourceTree = BUILT_PRODUCTS_DIR; };
		D94DF3169FC68AA1F1B507D7 /* Foundation.framework */ = {isa = PBXFileReference; lastKnownFileType = wrapper.framework; name = Foundation.framework; path = Platforms/AppleTVOS.platform/Developer/SDKs/AppleTVOS18.0.sdk/System/Library/Frameworks/Foundation.framework; sourceTree = DEVELOPER_DIR; };
		ECFDE44587440D394B392ED6 /* DashboardTVTopShelf.entitlements */ = {isa = PBXFileReference; includeInIndex = 1; lastKnownFileType = text.plist.entitlements; path = DashboardTVTopShelf.entitlements; sourceTree = "<group>"; };
		FBB780A075C41C6609780288 /* ContentProvider.swift */ = {isa = PBXFileReference; includeInIndex = 1; lastKnownFileType = sourcecode.swift; path = ContentProvider.swift; sourceTree = "<group>"; };
/* End PBXFileReference section */

/* Begin PBXFrameworksBuildPhase section */
		E23744E280CB54E473226318 /* Frameworks */ = {
			isa = PBXFrameworksBuildPhase;
			buildActionMask = 2147483647;
			files = (
				5FD04DDD9E0AF36779038A39 /* Foundation.framework in Frameworks */,
				392899EBD9C260515E9E92B5 /* TVServices.framework in Frameworks */,
			);
			runOnlyForDeploymentPostprocessing = 0;
		};
/* End PBXFrameworksBuildPhase section */

/* Begin PBXGroup section */
		140BBAA0084570F33F8CCB9D /* Frameworks */ = {
			isa = PBXGroup;
			children = (
				7E275BCF9E5D22620DB38ECF /* tvOS */,
				3FE27D705D56A864A521EA98 /* TVServices.framework */,
			);
			name = Frameworks;
			sourceTree = "<group>";
		};
		4FBD02F64B72333E863754D2 /* DashboardTVTopShelf */ = {
			isa = PBXGroup;
			children = (
				FBB780A075C41C6609780288 /* ContentProvider.swift */,
				8E378D589578283E090ED9DF /* Info.plist */,
				ECFDE44587440D394B392ED6 /* DashboardTVTopShelf.entitlements */,
			);
			name = DashboardTVTopShelf;
			path = DashboardTVTopShelf;
			sourceTree = "<group>";
		};
		708C7873B005B50B99955B3C /* DashboardTV */ = {
			isa = PBXGroup;
			children = (
				F656FDF309AD8C40A0EFC3A1 /* Views */,
				1E92E86DA52F49B72ADE2B87 /* Assets.xcassets */,
				4631847B1CD13F293150C0A1 /* DashboardTVApp.swift */,
			);
			path = DashboardTV;
			sourceTree = "<group>";
		};
		750D56AEAED094ECEDC50D1B = {
			isa = PBXGroup;
			children = (
				708C7873B005B50B99955B3C /* DashboardTV */,
				F0AD78AE186A861A768B34B6 /* Products */,
				140BBAA0084570F33F8CCB9D /* Frameworks */,
				4FBD02F64B72333E863754D2 /* DashboardTVTopShelf */,
			);
			sourceTree = "<group>";
		};
		7E275BCF9E5D22620DB38ECF /* tvOS */ = {
			isa = PBXGroup;
			children = (
				D94DF3169FC68AA1F1B507D7 /* Foundation.framework */,
			);
			name = tvOS;
			sourceTree = "<group>";
		};
		F0AD78AE186A861A768B34B6 /* Products */ = {
			isa = PBXGroup;
			children = (
				D85008C5972F2A11FD1A8A83 /* DashboardTV.app */,
				80A2A9198CC7060F85BB70B5 /* DashboardTVTopShelf */,
			);
			name = Products;
			sourceTree = "<group>";
		};
		F656FDF309AD8C40A0EFC3A1 /* Views */ = {
			isa = PBXGroup;
			children = (
				4C28CC0A5D5F93069C38BDDE /* TVContentView.swift */,
			);
			path = Views;
			sourceTree = "<group>";
		};
/* End PBXGroup section */

/* Begin PBXNativeTarget section */
		25B13A8B16559293BBDB8AF3 /* DashboardTV */ = {
			isa = PBXNativeTarget;
			buildConfigurationList = B63B942F4D25B35A87A67F96 /* Build configuration list for PBXNativeTarget "DashboardTV" */;
			buildPhases = (
				31BA9A0E0047FE4FA152C010 /* Sources */,
				5967B46A7E02D40C9BE0E5DE /* Resources */,
				14C349F6D6DE0411FC7FA29A /* Embed App Extensions */,
			);
			buildRules = (
			);
			dependencies = (
				6682BF9B6C806A2C5406684D /* PBXTargetDependency */,
			);
			name = DashboardTV;
			productName = DashboardTV;
			productReference = D85008C5972F2A11FD1A8A83 /* DashboardTV.app */;
			productType = "com.apple.product-type.application";
		};
		427B594981D1D86C21DF2D54 /* DashboardTVTopShelf */ = {
			isa = PBXNativeTarget;
			buildConfigurationList = CDF9873E51637216C2B3AC55 /* Build configuration list for PBXNativeTarget "DashboardTVTopShelf" */;
			buildPhases = (
				8D3247C74DC1DD21ECEC2D17 /* Sources */,
				E23744E280CB54E473226318 /* Frameworks */,
				DE5AB8E502EBB78AC88D3769 /* Resources */,
			);
			buildRules = (
			);
			dependencies = (
			);
			name = DashboardTVTopShelf;
			productName = DashboardTVTopShelf;
			productReference = 80A2A9198CC7060F85BB70B5 /* DashboardTVTopShelf */;
			productType = "com.apple.product-type.tv-app-extension";
		};
/* End PBXNativeTarget section */

/* Begin PBXProject section */
		938F398973F106ED03AD7E1C /* Project object */ = {
			isa = PBXProject;
			attributes = {
				BuildIndependentTargetsInParallel = YES;
				LastUpgradeCheck = 1500;
				TargetAttributes = {
					25B13A8B16559293BBDB8AF3 = {
						DevelopmentTeam = QRRCB8HB3W;
						ProvisioningStyle = Automatic;
					};
				};
			};
			buildConfigurationList = 4D929BFDB837B81060F2FA27 /* Build configuration list for PBXProject "DashboardTV" */;
			compatibilityVersion = "Xcode 14.0";
			developmentRegion = en;
			hasScannedForEncodings = 0;
			knownRegions = (
				Base,
				en,
			);
			mainGroup = 750D56AEAED094ECEDC50D1B;
			minimizedProjectReferenceProxies = 1;
			preferredProjectObjectVersion = 77;
			productRefGroup = F0AD78AE186A861A768B34B6 /* Products */;
			projectDirPath = "";
			projectRoot = "";
			targets = (
				25B13A8B16559293BBDB8AF3 /* DashboardTV */,
				427B594981D1D86C21DF2D54 /* DashboardTVTopShelf */,
			);
		};
/* End PBXProject section */

/* Begin PBXResourcesBuildPhase section */
		5967B46A7E02D40C9BE0E5DE /* Resources */ = {
			isa = PBXResourcesBuildPhase;
			buildActionMask = 2147483647;
			files = (
				E031EF67B04D8C7785C5358D /* Assets.xcassets in Resources */,
			);
			runOnlyForDeploymentPostprocessing = 0;
		};
		DE5AB8E502EBB78AC88D3769 /* Resources */ = {
			isa = PBXResourcesBuildPhase;
			buildActionMask = 2147483647;
			files = (
			);
			runOnlyForDeploymentPostprocessing = 0;
		};
/* End PBXResourcesBuildPhase section */

/* Begin PBXSourcesBuildPhase section */
		31BA9A0E0047FE4FA152C010 /* Sources */ = {
			isa = PBXSourcesBuildPhase;
			buildActionMask = 2147483647;
			files = (
				2ECC5D386ECAFCD6EC4BA0DC /* DashboardTVApp.swift in Sources */,
				343D69371CBC9D4EC40615D4 /* TVContentView.swift in Sources */,
			);
			runOnlyForDeploymentPostprocessing = 0;
		};
		8D3247C74DC1DD21ECEC2D17 /* Sources */ = {
			isa = PBXSourcesBuildPhase;
			buildActionMask = 2147483647;
			files = (
				9880654EA9183D0798FECC37 /* ContentProvider.swift in Sources */,
			);
			runOnlyForDeploymentPostprocessing = 0;
		};
/* End PBXSourcesBuildPhase section */

/* Begin PBXTargetDependency section */
		6682BF9B6C806A2C5406684D /* PBXTargetDependency */ = {
			isa = PBXTargetDependency;
			name = DashboardTVTopShelf;
			target = 427B594981D1D86C21DF2D54 /* DashboardTVTopShelf */;
			targetProxy = 4696DAEA0631FAA96629B361 /* PBXContainerItemProxy */;
		};
/* End PBXTargetDependency section */

/* Begin XCBuildConfiguration section */
		7F424ED96C5842070C44AF41 /* Release */ = {
			isa = XCBuildConfiguration;
			buildSettings = {
				CODE_SIGN_ENTITLEMENTS = DashboardTVTopShelf/DashboardTVTopShelf.entitlements;
				CODE_SIGN_STYLE = Automatic;
				DEVELOPMENT_TEAM = QRRCB8HB3W;
				GENERATE_INFOPLIST_FILE = NO;
				INFOPLIST_FILE = DashboardTVTopShelf/Info.plist;
				LD_RUNPATH_SEARCH_PATHS = (
					"$(inherited)",
					"@executable_path/Frameworks",
					"@executable_path/../../Frameworks",
				);
				ONLY_ACTIVE_ARCH = NO;
				PRODUCT_BUNDLE_IDENTIFIER = com.jordankoch.DashboardTV.topshelf;
				PRODUCT_NAME = "$(TARGET_NAME)";
				SDKROOT = appletvos;
				SKIP_INSTALL = YES;
				SWIFT_OPTIMIZATION_LEVEL = "-O";
				SWIFT_VERSION = 5.0;
				TARGETED_DEVICE_FAMILY = 3;
				TVOS_DEPLOYMENT_TARGET = 17.0;
				VALIDATE_PRODUCT = YES;
			};
			name = Release;
		};
		8492CD4C8295470FE5367172 /* Release */ = {
			isa = XCBuildConfiguration;
			buildSettings = {
				ALWAYS_SEARCH_USER_PATHS = NO;
				CLANG_ANALYZER_NONNULL = YES;
				CLANG_ANALYZER_NUMBER_OBJECT_CONVERSION = YES_AGGRESSIVE;
				CLANG_CXX_LANGUAGE_STANDARD = "gnu++14";
				CLANG_CXX_LIBRARY = "libc++";
				CLANG_ENABLE_MODULES = YES;
				CLANG_ENABLE_OBJC_ARC = YES;
				CLANG_ENABLE_OBJC_WEAK = YES;
				CLANG_WARN_BLOCK_CAPTURE_AUTORELEASING = YES;
				CLANG_WARN_BOOL_CONVERSION = YES;
				CLANG_WARN_COMMA = YES;
				CLANG_WARN_CONSTANT_CONVERSION = YES;
				CLANG_WARN_DEPRECATED_OBJC_IMPLEMENTATIONS = YES;
				CLANG_WARN_DIRECT_OBJC_ISA_USAGE = YES_ERROR;
				CLANG_WARN_DOCUMENTATION_COMMENTS = YES;
				CLANG_WARN_EMPTY_BODY = YES;
				CLANG_WARN_ENUM_CONVERSION = YES;
				CLANG_WARN_INFINITE_RECURSION = YES;
				CLANG_WARN_INT_CONVERSION = YES;
				CLANG_WARN_NON_LITERAL_NULL_CONVERSION = YES;
				CLANG_WARN_OBJC_IMPLICIT_RETAIN_SELF = YES;
				CLANG_WARN_OBJC_LITERAL_CONVERSION = YES;
				CLANG_WARN_OBJC_ROOT_CLASS = YES_ERROR;
				CLANG_WARN_QUOTED_INCLUDE_IN_FRAMEWORK_HEADER = YES;
				CLANG_WARN_RANGE_LOOP_ANALYSIS = YES;
				CLANG_WARN_STRICT_PROTOTYPES = YES;
				CLANG_WARN_SUSPICIOUS_MOVE = YES;
				CLANG_WARN_UNGUARDED_AVAILABILITY = YES_AGGRESSIVE;
				CLANG_WARN_UNREACHABLE_CODE = YES;
				CLANG_WARN__DUPLICATE_METHOD_MATCH = YES;
				COPY_PHASE_STRIP = NO;
				CURRENT_PROJECT_VERSION = 1;
				DEBUG_INFORMATION_FORMAT = "dwarf-with-dsym";
				DEVELOPMENT_TEAM = QRRCB8HB3W;
				ENABLE_NS_ASSERTIONS = NO;
				ENABLE_STRICT_OBJC_MSGSEND = YES;
				GCC_C_LANGUAGE_STANDARD = gnu11;
				GCC_NO_COMMON_BLOCKS = YES;
				GCC_WARN_64_TO_32_BIT_CONVERSION = YES;
				GCC_WARN_ABOUT_RETURN_TYPE = YES_ERROR;
				GCC_WARN_UNDECLARED_SELECTOR = YES;
				GCC_WARN_UNINITIALIZED_AUTOS = YES_AGGRESSIVE;
				GCC_WARN_UNUSED_FUNCTION = YES;
				GCC_WARN_UNUSED_VARIABLE = YES;
				MARKETING_VERSION = 1.0.0;
				MTL_ENABLE_DEBUG_INFO = NO;
				MTL_FAST_MATH = YES;
				PRODUCT_NAME = "$(TARGET_NAME)";
				SDKROOT = appletvos;
				SWIFT_COMPILATION_MODE = wholemodule;
				SWIFT_OPTIMIZATION_LEVEL = "-O";
				SWIFT_VERSION = 5.9;
				TVOS_DEPLOYMENT_TARGET = 17.0;
			};
			name = Release;
		};
		95DAD5A4F4427A05F4993383 /* Debug */ = {
			isa = XCBuildConfiguration;
			buildSettings = {
				CODE_SIGN_ENTITLEMENTS = DashboardTVTopShelf/DashboardTVTopShelf.entitlements;
				CODE_SIGN_STYLE = Automatic;
				DEVELOPMENT_TEAM = QRRCB8HB3W;
				GENERATE_INFOPLIST_FILE = NO;
				INFOPLIST_FILE = DashboardTVTopShelf/Info.plist;
				LD_RUNPATH_SEARCH_PATHS = (
					"$(inherited)",
					"@executable_path/Frameworks",
					"@executable_path/../../Frameworks",
				);
				ONLY_ACTIVE_ARCH = YES;
				PRODUCT_BUNDLE_IDENTIFIER = com.jordankoch.DashboardTV.topshelf;
				PRODUCT_NAME = "$(TARGET_NAME)";
				SDKROOT = appletvos;
				SKIP_INSTALL = YES;
				SWIFT_OPTIMIZATION_LEVEL = "-Onone";
				SWIFT_VERSION = 5.0;
				TARGETED_DEVICE_FAMILY = 3;
				TVOS_DEPLOYMENT_TARGET = 17.0;
			};
			name = Debug;
		};
		9C5F52AAB3E0800BD9FA8050 /* Debug */ = {
			isa = XCBuildConfiguration;
			buildSettings = {
				ASSETCATALOG_COMPILER_APPICON_NAME = "App Icon & Top Shelf Image";
				ASSETCATALOG_COMPILER_GLOBAL_ACCENT_COLOR_NAME = AccentColor;
				ASSETCATALOG_COMPILER_LAUNCHIMAGE_NAME = LaunchImage;
				CODE_SIGN_ENTITLEMENTS = DashboardTV/DashboardTV.entitlements;
				CODE_SIGN_STYLE = Automatic;
				GENERATE_INFOPLIST_FILE = YES;
				INFOPLIST_KEY_CFBundleDisplayName = DashboardTV;
				INFOPLIST_KEY_LSApplicationCategoryType = "public.app-category.utilities";
				INFOPLIST_KEY_NSHumanReadableCopyright = "Copyright © 2026 Jordan Koch. All rights reserved.";
				INFOPLIST_KEY_UILaunchScreen_Generation = YES;
				LD_RUNPATH_SEARCH_PATHS = (
					"$(inherited)",
					"@executable_path/Frameworks",
				);
				PRODUCT_BUNDLE_IDENTIFIER = com.jordankoch.DashboardTV;
				SDKROOT = appletvos;
				SUPPORTED_PLATFORMS = "appletvos appletvsimulator";
				SUPPORTS_MACCATALYST = NO;
				TARGETED_DEVICE_FAMILY = 3;
				TVOS_DEPLOYMENT_TARGET = 17.0;
			};
			name = Debug;
		};
		CCE5CB541A2FE67B639C6FE6 /* Debug */ = {
			isa = XCBuildConfiguration;
			buildSettings = {
				ALWAYS_SEARCH_USER_PATHS = NO;
				CLANG_ANALYZER_NONNULL = YES;
				CLANG_ANALYZER_NUMBER_OBJECT_CONVERSION = YES_AGGRESSIVE;
				CLANG_CXX_LANGUAGE_STANDARD = "gnu++14";
				CLANG_CXX_LIBRARY = "libc++";
				CLANG_ENABLE_MODULES = YES;
				CLANG_ENABLE_OBJC_ARC = YES;
				CLANG_ENABLE_OBJC_WEAK = YES;
				CLANG_WARN_BLOCK_CAPTURE_AUTORELEASING = YES;
				CLANG_WARN_BOOL_CONVERSION = YES;
				CLANG_WARN_COMMA = YES;
				CLANG_WARN_CONSTANT_CONVERSION = YES;
				CLANG_WARN_DEPRECATED_OBJC_IMPLEMENTATIONS = YES;
				CLANG_WARN_DIRECT_OBJC_ISA_USAGE = YES_ERROR;
				CLANG_WARN_DOCUMENTATION_COMMENTS = YES;
				CLANG_WARN_EMPTY_BODY = YES;
				CLANG_WARN_ENUM_CONVERSION = YES;
				CLANG_WARN_INFINITE_RECURSION = YES;
				CLANG_WARN_INT_CONVERSION = YES;
				CLANG_WARN_NON_LITERAL_NULL_CONVERSION = YES;
				CLANG_WARN_OBJC_IMPLICIT_RETAIN_SELF = YES;
				CLANG_WARN_OBJC_LITERAL_CONVERSION = YES;
				CLANG_WARN_OBJC_ROOT_CLASS = YES_ERROR;
				CLANG_WARN_QUOTED_INCLUDE_IN_FRAMEWORK_HEADER = YES;
				CLANG_WARN_RANGE_LOOP_ANALYSIS = YES;
				CLANG_WARN_STRICT_PROTOTYPES = YES;
				CLANG_WARN_SUSPICIOUS_MOVE = YES;
				CLANG_WARN_UNGUARDED_AVAILABILITY = YES_AGGRESSIVE;
				CLANG_WARN_UNREACHABLE_CODE = YES;
				CLANG_WARN__DUPLICATE_METHOD_MATCH = YES;
				COPY_PHASE_STRIP = NO;
				CURRENT_PROJECT_VERSION = 1;
				DEBUG_INFORMATION_FORMAT = dwarf;
				DEVELOPMENT_TEAM = QRRCB8HB3W;
				ENABLE_STRICT_OBJC_MSGSEND = YES;
				ENABLE_TESTABILITY = YES;
				GCC_C_LANGUAGE_STANDARD = gnu11;
				GCC_DYNAMIC_NO_PIC = NO;
				GCC_NO_COMMON_BLOCKS = YES;
				GCC_OPTIMIZATION_LEVEL = 0;
				GCC_PREPROCESSOR_DEFINITIONS = (
					"$(inherited)",
					"DEBUG=1",
				);
				GCC_WARN_64_TO_32_BIT_CONVERSION = YES;
				GCC_WARN_ABOUT_RETURN_TYPE = YES_ERROR;
				GCC_WARN_UNDECLARED_SELECTOR = YES;
				GCC_WARN_UNINITIALIZED_AUTOS = YES_AGGRESSIVE;
				GCC_WARN_UNUSED_FUNCTION = YES;
				GCC_WARN_UNUSED_VARIABLE = YES;
				MARKETING_VERSION = 1.0.0;
				MTL_ENABLE_DEBUG_INFO = INCLUDE_SOURCE;
				MTL_FAST_MATH = YES;
				ONLY_ACTIVE_ARCH = YES;
				PRODUCT_NAME = "$(TARGET_NAME)";
				SDKROOT = appletvos;
				SWIFT_ACTIVE_COMPILATION_CONDITIONS = DEBUG;
				SWIFT_OPTIMIZATION_LEVEL = "-Onone";
				SWIFT_VERSION = 5.9;
				TVOS_DEPLOYMENT_TARGET = 17.0;
			};
			name = Debug;
		};
		D775F35B8F59FE205FB6749C /* Release */ = {
			isa = XCBuildConfiguration;
			buildSettings = {
				ASSETCATALOG_COMPILER_APPICON_NAME = "App Icon & Top Shelf Image";
				ASSETCATALOG_COMPILER_GLOBAL_ACCENT_COLOR_NAME = AccentColor;
				ASSETCATALOG_COMPILER_LAUNCHIMAGE_NAME = LaunchImage;
				CODE_SIGN_ENTITLEMENTS = DashboardTV/DashboardTV.entitlements;
				CODE_SIGN_STYLE = Automatic;
				GENERATE_INFOPLIST_FILE = YES;
				INFOPLIST_KEY_CFBundleDisplayName = DashboardTV;
				INFOPLIST_KEY_LSApplicationCategoryType = "public.app-category.utilities";
				INFOPLIST_KEY_NSHumanReadableCopyright = "Copyright © 2026 Jordan Koch. All rights reserved.";
				INFOPLIST_KEY_UILaunchScreen_Generation = YES;
				LD_RUNPATH_SEARCH_PATHS = (
					"$(inherited)",
					"@executable_path/Frameworks",
				);
				PRODUCT_BUNDLE_IDENTIFIER = com.jordankoch.DashboardTV;
				SDKROOT = appletvos;
				SUPPORTED_PLATFORMS = "appletvos appletvsimulator";
				SUPPORTS_MACCATALYST = NO;
				TARGETED_DEVICE_FAMILY = 3;
				TVOS_DEPLOYMENT_TARGET = 17.0;
			};
			name = Release;
		};
/* End XCBuildConfiguration section */

/* Begin XCConfigurationList section */
		4D929BFDB837B81060F2FA27 /* Build configuration list for PBXProject "DashboardTV" */ = {
			isa = XCConfigurationList;
			buildConfigurations = (
				CCE5CB541A2FE67B639C6FE6 /* Debug */,
				8492CD4C8295470FE5367172 /* Release */,
			);
			defaultConfigurationIsVisible = 0;
			defaultConfigurationName = Debug;
		};
		B63B942F4D25B35A87A67F96 /* Build configuration list for PBXNativeTarget "DashboardTV" */ = {
			isa = XCConfigurationList;
			buildConfigurations = (
				9C5F52AAB3E0800BD9FA8050 /* Debug */,
				D775F35B8F59FE205FB6749C /* Release */,
			);
			defaultConfigurationIsVisible = 0;
			defaultConfigurationName = Debug;
		};
		CDF9873E51637216C2B3AC55 /* Build configuration list for PBXNativeTarget "DashboardTVTopShelf" */ = {
			isa = XCConfigurationList;
			buildConfigurations = (
				7F424ED96C5842070C44AF41 /* Release */,
				95DAD5A4F4427A05F4993383 /* Debug */,
			);
			defaultConfigurationIsVisible = 0;
			defaultConfigurationName = Release;
		};
/* End XCConfigurationList section */
	};
	rootObject = 938F398973F106ED03AD7E1C /* Project object */;
}
